// !$*UTF8*$!
{
	archiveVersion = 1;
	classes = {
	};
	objectVersion = 46;
	objects = {

/* Begin PBXBuildFile section */
		CB0D1A9B1A812C3500FC80A8 /* AppDelegate.swift in Sources */ = {isa = PBXBuildFile; fileRef = CB0D1A9A1A812C3500FC80A8 /* AppDelegate.swift */; };
		CB0D1A9D1A812C3500FC80A8 /* ViewController.swift in Sources */ = {isa = PBXBuildFile; fileRef = CB0D1A9C1A812C3500FC80A8 /* ViewController.swift */; };
		CB0D1AA01A812C3500FC80A8 /* Main.storyboard in Resources */ = {isa = PBXBuildFile; fileRef = CB0D1A9E1A812C3500FC80A8 /* Main.storyboard */; };
		CB0D1AA21A812C3500FC80A8 /* Images.xcassets in Resources */ = {isa = PBXBuildFile; fileRef = CB0D1AA11A812C3500FC80A8 /* Images.xcassets */; };
		CB0D1AA51A812C3500FC80A8 /* LaunchScreen.xib in Resources */ = {isa = PBXBuildFile; fileRef = CB0D1AA31A812C3500FC80A8 /* LaunchScreen.xib */; };
		CB0D1AB11A812C3500FC80A8 /* ROStorageBarTests.swift in Sources */ = {isa = PBXBuildFile; fileRef = CB0D1AB01A812C3500FC80A8 /* ROStorageBarTests.swift */; };
		CB0D1ABB1A812C5800FC80A8 /* ROStorageBar.swift in Sources */ = {isa = PBXBuildFile; fileRef = CB0D1ABA1A812C5800FC80A8 /* ROStorageBar.swift */; };
/* End PBXBuildFile section */

/* Begin PBXContainerItemProxy section */
		CB0D1AAB1A812C3500FC80A8 /* PBXContainerItemProxy */ = {
			isa = PBXContainerItemProxy;
			containerPortal = CB0D1A8D1A812C3500FC80A8 /* Project object */;
			proxyType = 1;
			remoteGlobalIDString = CB0D1A941A812C3500FC80A8;
			remoteInfo = ROStorageBar;
		};
/* End PBXContainerItemProxy section */

/* Begin PBXFileReference section */
		CB0D1A951A812C3500FC80A8 /* ROStorageBar.app */ = {isa = PBXFileReference; explicitFileType = wrapper.application; includeInIndex = 0; path = ROStorageBar.app; sourceTree = BUILT_PRODUCTS_DIR; };
		CB0D1A991A812C3500FC80A8 /* Info.plist */ = {isa = PBXFileReference; lastKnownFileType = text.plist.xml; path = Info.plist; sourceTree = "<group>"; };
		CB0D1A9A1A812C3500FC80A8 /* AppDelegate.swift */ = {isa = PBXFileReference; lastKnownFileType = sourcecode.swift; path = AppDelegate.swift; sourceTree = "<group>"; };
		CB0D1A9C1A812C3500FC80A8 /* ViewController.swift */ = {isa = PBXFileReference; lastKnownFileType = sourcecode.swift; path = ViewController.swift; sourceTree = "<group>"; };
		CB0D1A9F1A812C3500FC80A8 /* Base */ = {isa = PBXFileReference; lastKnownFileType = file.storyboard; name = Base; path = Base.lproj/Main.storyboard; sourceTree = "<group>"; };
		CB0D1AA11A812C3500FC80A8 /* Images.xcassets */ = {isa = PBXFileReference; lastKnownFileType = folder.assetcatalog; path = Images.xcassets; sourceTree = "<group>"; };
		CB0D1AA41A812C3500FC80A8 /* Base */ = {isa = PBXFileReference; lastKnownFileType = file.xib; name = Base; path = Base.lproj/LaunchScreen.xib; sourceTree = "<group>"; };
		CB0D1AAA1A812C3500FC80A8 /* ROStorageBarTests.xctest */ = {isa = PBXFileReference; explicitFileType = wrapper.cfbundle; includeInIndex = 0; path = ROStorageBarTests.xctest; sourceTree = BUILT_PRODUCTS_DIR; };
		CB0D1AAF1A812C3500FC80A8 /* Info.plist */ = {isa = PBXFileReference; lastKnownFileType = text.plist.xml; path = Info.plist; sourceTree = "<group>"; };
		CB0D1AB01A812C3500FC80A8 /* ROStorageBarTests.swift */ = {isa = PBXFileReference; lastKnownFileType = sourcecode.swift; path = ROStorageBarTests.swift; sourceTree = "<group>"; };
		CB0D1ABA1A812C5800FC80A8 /* ROStorageBar.swift */ = {isa = PBXFileReference; fileEncoding = 4; lastKnownFileType = sourcecode.swift; path = ROStorageBar.swift; sourceTree = "<group>"; };
/* End PBXFileReference section */

/* Begin PBXFrameworksBuildPhase section */
		CB0D1A921A812C3500FC80A8 /* Frameworks */ = {
			isa = PBXFrameworksBuildPhase;
			buildActionMask = 2147483647;
			files = (
			);
			runOnlyForDeploymentPostprocessing = 0;
		};
		CB0D1AA71A812C3500FC80A8 /* Frameworks */ = {
			isa = PBXFrameworksBuildPhase;
			buildActionMask = 2147483647;
			files = (
			);
			runOnlyForDeploymentPostprocessing = 0;
		};
/* End PBXFrameworksBuildPhase section */

/* Begin PBXGroup section */
		CB0D1A8C1A812C3500FC80A8 = {
			isa = PBXGroup;
			children = (
				CB0D1A971A812C3500FC80A8 /* ROStorageBar */,
				CB0D1AAD1A812C3500FC80A8 /* ROStorageBarTests */,
				CB0D1A961A812C3500FC80A8 /* Products */,
			);
			sourceTree = "<group>";
		};
		CB0D1A961A812C3500FC80A8 /* Products */ = {
			isa = PBXGroup;
			children = (
				CB0D1A951A812C3500FC80A8 /* ROStorageBar.app */,
				CB0D1AAA1A812C3500FC80A8 /* ROStorageBarTests.xctest */,
			);
			name = Products;
			sourceTree = "<group>";
		};
		CB0D1A971A812C3500FC80A8 /* ROStorageBar */ = {
			isa = PBXGroup;
			children = (
				CB0D1A9A1A812C3500FC80A8 /* AppDelegate.swift */,
				CB0D1A9C1A812C3500FC80A8 /* ViewController.swift */,
				CB0D1ABA1A812C5800FC80A8 /* ROStorageBar.swift */,
				CB0D1A9E1A812C3500FC80A8 /* Main.storyboard */,
				CB0D1AA11A812C3500FC80A8 /* Images.xcassets */,
				CB0D1AA31A812C3500FC80A8 /* LaunchScreen.xib */,
				CB0D1A981A812C3500FC80A8 /* Supporting Files */,
			);
			path = ROStorageBar;
			sourceTree = "<group>";
		};
		CB0D1A981A812C3500FC80A8 /* Supporting Files */ = {
			isa = PBXGroup;
			children = (
				CB0D1A991A812C3500FC80A8 /* Info.plist */,
			);
			name = "Supporting Files";
			sourceTree = "<group>";
		};
		CB0D1AAD1A812C3500FC80A8 /* ROStorageBarTests */ = {
			isa = PBXGroup;
			children = (
				CB0D1AB01A812C3500FC80A8 /* ROStorageBarTests.swift */,
				CB0D1AAE1A812C3500FC80A8 /* Supporting Files */,
			);
			path = ROStorageBarTests;
			sourceTree = "<group>";
		};
		CB0D1AAE1A812C3500FC80A8 /* Supporting Files */ = {
			isa = PBXGroup;
			children = (
				CB0D1AAF1A812C3500FC80A8 /* Info.plist */,
			);
			name = "Supporting Files";
			sourceTree = "<group>";
		};
/* End PBXGroup section */

/* Begin PBXNativeTarget section */
		CB0D1A941A812C3500FC80A8 /* ROStorageBar */ = {
			isa = PBXNativeTarget;
			buildConfigurationList = CB0D1AB41A812C3500FC80A8 /* Build configuration list for PBXNativeTarget "ROStorageBar" */;
			buildPhases = (
				CB0D1A911A812C3500FC80A8 /* Sources */,
				CB0D1A921A812C3500FC80A8 /* Frameworks */,
				CB0D1A931A812C3500FC80A8 /* Resources */,
			);
			buildRules = (
			);
			dependencies = (
			);
			name = ROStorageBar;
			productName = ROStorageBar;
			productReference = CB0D1A951A812C3500FC80A8 /* ROStorageBar.app */;
			productType = "com.apple.product-type.application";
		};
		CB0D1AA91A812C3500FC80A8 /* ROStorageBarTests */ = {
			isa = PBXNativeTarget;
			buildConfigurationList = CB0D1AB71A812C3500FC80A8 /* Build configuration list for PBXNativeTarget "ROStorageBarTests" */;
			buildPhases = (
				CB0D1AA61A812C3500FC80A8 /* Sources */,
				CB0D1AA71A812C3500FC80A8 /* Frameworks */,
				CB0D1AA81A812C3500FC80A8 /* Resources */,
			);
			buildRules = (
			);
			dependencies = (
				CB0D1AAC1A812C3500FC80A8 /* PBXTargetDependency */,
			);
			name = ROStorageBarTests;
			productName = ROStorageBarTests;
			productReference = CB0D1AAA1A812C3500FC80A8 /* ROStorageBarTests.xctest */;
			productType = "com.apple.product-type.bundle.unit-test";
		};
/* End PBXNativeTarget section */

/* Begin PBXProject section */
		CB0D1A8D1A812C3500FC80A8 /* Project object */ = {
			isa = PBXProject;
			attributes = {
				LastUpgradeCheck = 0610;
				ORGANIZATIONNAME = "Robin Oster";
				TargetAttributes = {
					CB0D1A941A812C3500FC80A8 = {
						CreatedOnToolsVersion = 6.1.1;
					};
					CB0D1AA91A812C3500FC80A8 = {
						CreatedOnToolsVersion = 6.1.1;
						TestTargetID = CB0D1A941A812C3500FC80A8;
					};
				};
			};
			buildConfigurationList = CB0D1A901A812C3500FC80A8 /* Build configuration list for PBXProject "ROStorageBar" */;
			compatibilityVersion = "Xcode 3.2";
			developmentRegion = English;
			hasScannedForEncodings = 0;
			knownRegions = (
				en,
				Base,
			);
			mainGroup = CB0D1A8C1A812C3500FC80A8;
			productRefGroup = CB0D1A961A812C3500FC80A8 /* Products */;
			projectDirPath = "";
			projectRoot = "";
			targets = (
				CB0D1A941A812C3500FC80A8 /* ROStorageBar */,
				CB0D1AA91A812C3500FC80A8 /* ROStorageBarTests */,
			);
		};
/* End PBXProject section */

/* Begin PBXResourcesBuildPhase section */
		CB0D1A931A812C3500FC80A8 /* Resources */ = {
			isa = PBXResourcesBuildPhase;
			buildActionMask = 2147483647;
			files = (
				CB0D1AA01A812C3500FC80A8 /* Main.storyboard in Resources */,
				CB0D1AA51A812C3500FC80A8 /* LaunchScreen.xib in Resources */,
				CB0D1AA21A812C3500FC80A8 /* Images.xcassets in Resources */,
			);
			runOnlyForDeploymentPostprocessing = 0;
		};
		CB0D1AA81A812C3500FC80A8 /* Resources */ = {
			isa = PBXResourcesBuildPhase;
			buildActionMask = 2147483647;
			files = (
			);
			runOnlyForDeploymentPostprocessing = 0;
		};
/* End PBXResourcesBuildPhase section */

/* Begin PBXSourcesBuildPhase section */
		CB0D1A911A812C3500FC80A8 /* Sources */ = {
			isa = PBXSourcesBuildPhase;
			buildActionMask = 2147483647;
			files = (
				CB0D1A9D1A812C3500FC80A8 /* ViewController.swift in Sources */,
				CB0D1A9B1A812C3500FC80A8 /* AppDelegate.swift in Sources */,
				CB0D1ABB1A812C5800FC80A8 /* ROStorageBar.swift in Sources */,
			);
			runOnlyForDeploymentPostprocessing = 0;
		};
		CB0D1AA61A812C3500FC80A8 /* Sources */ = {
			isa = PBXSourcesBuildPhase;
			buildActionMask = 2147483647;
			files = (
				CB0D1AB11A812C3500FC80A8 /* ROStorageBarTests.swift in Sources */,
			);
			runOnlyForDeploymentPostprocessing = 0;
		};
/* End PBXSourcesBuildPhase section */

/* Begin PBXTargetDependency section */
		CB0D1AAC1A812C3500FC80A8 /* PBXTargetDependency */ = {
			isa = PBXTargetDependency;
			target = CB0D1A941A812C3500FC80A8 /* ROStorageBar */;
			targetProxy = CB0D1AAB1A812C3500FC80A8 /* PBXContainerItemProxy */;
		};
/* End PBXTargetDependency section */

/* Begin PBXVariantGroup section */
		CB0D1A9E1A812C3500FC80A8 /* Main.storyboard */ = {
			isa = PBXVariantGroup;
			children = (
				CB0D1A9F1A812C3500FC80A8 /* Base */,
			);
			name = Main.storyboard;
			sourceTree = "<group>";
		};
		CB0D1AA31A812C3500FC80A8 /* LaunchScreen.xib */ = {
			isa = PBXVariantGroup;
			children = (
				CB0D1AA41A812C3500FC80A8 /* Base */,
			);
			name = LaunchScreen.xib;
			sourceTree = "<group>";
		};
/* End PBXVariantGroup section */

/* Begin XCBuildConfiguration section */
		CB0D1AB21A812C3500FC80A8 /* Debug */ = {
			isa = XCBuildConfiguration;
			buildSettings = {
				ALWAYS_SEARCH_USER_PATHS = NO;
				CLANG_CXX_LANGUAGE_STANDARD = "gnu++0x";
				CLANG_CXX_LIBRARY = "libc++";
				CLANG_ENABLE_MODULES = YES;
				CLANG_ENABLE_OBJC_ARC = YES;
				CLANG_WARN_BOOL_CONVERSION = YES;
				CLANG_WARN_CONSTANT_CONVERSION = YES;
				CLANG_WARN_DIRECT_OBJC_ISA_USAGE = YES_ERROR;
				CLANG_WARN_EMPTY_BODY = YES;
				CLANG_WARN_ENUM_CONVERSION = YES;
				CLANG_WARN_INT_CONVERSION = YES;
				CLANG_WARN_OBJC_ROOT_CLASS = YES_ERROR;
				CLANG_WARN_UNREACHABLE_CODE = YES;
				CLANG_WARN__DUPLICATE_METHOD_MATCH = YES;
				"CODE_SIGN_IDENTITY[sdk=iphoneos*]" = "iPhone Developer";
				COPY_PHASE_STRIP = NO;
				ENABLE_STRICT_OBJC_MSGSEND = YES;
				GCC_C_LANGUAGE_STANDARD = gnu99;
				GCC_DYNAMIC_NO_PIC = NO;
				GCC_OPTIMIZATION_LEVEL = 0;
				GCC_PREPROCESSOR_DEFINITIONS = (
					"DEBUG=1",
					"$(inherited)",
				);
				GCC_SYMBOLS_PRIVATE_EXTERN = NO;
				GCC_WARN_64_TO_32_BIT_CONVERSION = YES;
				GCC_WARN_ABOUT_RETURN_TYPE = YES_ERROR;
				GCC_WARN_UNDECLARED_SELECTOR = YES;
				GCC_WARN_UNINITIALIZED_AUTOS = YES_AGGRESSIVE;
				GCC_WARN_UNUSED_FUNCTION = YES;
				GCC_WARN_UNUSED_VARIABLE = YES;
				IPHONEOS_DEPLOYMENT_TARGET = 8.1;
				MTL_ENABLE_DEBUG_INFO = YES;
				ONLY_ACTIVE_ARCH = YES;
				SDKROOT = iphoneos;
				SWIFT_OPTIMIZATION_LEVEL = "-Onone";
				TARGETED_DEVICE_FAMILY = "1,2";
			};
			name = Debug;
		};
		CB0D1AB31A812C3500FC80A8 /* Release */ = {
			isa = XCBuildConfiguration;
			buildSettings = {
				ALWAYS_SEARCH_USER_PATHS = NO;
				CLANG_CXX_LANGUAGE_STANDARD = "gnu++0x";
				CLANG_CXX_LIBRARY = "libc++";
				CLANG_ENABLE_MODULES = YES;
				CLANG_ENABLE_OBJC_ARC = YES;
				CLANG_WARN_BOOL_CONVERSION = YES;
				CLANG_WARN_CONSTANT_CONVERSION = YES;
				CLANG_WARN_DIRECT_OBJC_ISA_USAGE = YES_ERROR;
				CLANG_WARN_EMPTY_BODY = YES;
				CLANG_WARN_ENUM_CONVERSION = YES;
				CLANG_WARN_INT_CONVERSION = YES;
				CLANG_WARN_OBJC_ROOT_CLASS = YES_ERROR;
				CLANG_WARN_UNREACHABLE_CODE = YES;
				CLANG_WARN__DUPLICATE_METHOD_MATCH = YES;
				"CODE_SIGN_IDENTITY[sdk=iphoneos*]" = "iPhone Developer";
				COPY_PHASE_STRIP = YES;
				ENABLE_NS_ASSERTIONS = NO;
				ENABLE_STRICT_OBJC_MSGSEND = YES;
				GCC_C_LANGUAGE_STANDARD = gnu99;
				GCC_WARN_64_TO_32_BIT_CONVERSION = YES;
				GCC_WARN_ABOUT_RETURN_TYPE = YES_ERROR;
				GCC_WARN_UNDECLARED_SELECTOR = YES;
				GCC_WARN_UNINITIALIZED_AUTOS = YES_AGGRESSIVE;
				GCC_WARN_UNUSED_FUNCTION = YES;
				GCC_WARN_UNUSED_VARIABLE = YES;
				IPHONEOS_DEPLOYMENT_TARGET = 8.1;
				MTL_ENABLE_DEBUG_INFO = NO;
				SDKROOT = iphoneos;
				TARGETED_DEVICE_FAMILY = "1,2";
				VALIDATE_PRODUCT = YES;
			};
			name = Release;
		};
		CB0D1AB51A812C3500FC80A8 /* Debug */ = {
			isa = XCBuildConfiguration;
			buildSettings = {
				ASSETCATALOG_COMPILER_APPICON_NAME = AppIcon;
				INFOPLIST_FILE = ROStorageBar/Info.plist;
				LD_RUNPATH_SEARCH_PATHS = "$(inherited) @executable_path/Frameworks";
				PRODUCT_NAME = "$(TARGET_NAME)";
			};
			name = Debug;
		};
		CB0D1AB61A812C3500FC80A8 /* Release */ = {
			isa = XCBuildConfiguration;
			buildSettings = {
				ASSETCATALOG_COMPILER_APPICON_NAME = AppIcon;
				INFOPLIST_FILE = ROStorageBar/Info.plist;
				LD_RUNPATH_SEARCH_PATHS = "$(inherited) @executable_path/Frameworks";
				PRODUCT_NAME = "$(TARGET_NAME)";
			};
			name = Release;
		};
		CB0D1AB81A812C3500FC80A8 /* Debug */ = {
			isa = XCBuildConfiguration;
			buildSettings = {
				BUNDLE_LOADER = "$(TEST_HOST)";
				FRAMEWORK_SEARCH_PATHS = (
					"$(SDKROOT)/Developer/Library/Frameworks",
					"$(inherited)",
				);
				GCC_PREPROCESSOR_DEFINITIONS = (
					"DEBUG=1",
					"$(inherited)",
				);
				INFOPLIST_FILE = ROStorageBarTests/Info.plist;
				LD_RUNPATH_SEARCH_PATHS = "$(inherited) @executable_path/Frameworks @loader_path/Frameworks";
				PRODUCT_NAME = "$(TARGET_NAME)";
				TEST_HOST = "$(BUILT_PRODUCTS_DIR)/ROStorageBar.app/ROStorageBar";
			};
			name = Debug;
		};
		CB0D1AB91A812C3500FC80A8 /* Release */ = {
			isa = XCBuildConfiguration;
			buildSettings = {
				BUNDLE_LOADER = "$(TEST_HOST)";
				FRAMEWORK_SEARCH_PATHS = (
					"$(SDKROOT)/Developer/Library/Frameworks",
					"$(inherited)",
				);
				INFOPLIST_FILE = ROStorageBarTests/Info.plist;
				LD_RUNPATH_SEARCH_PATHS = "$(inherited) @executable_path/Frameworks @loader_path/Frameworks";
				PRODUCT_NAME = "$(TARGET_NAME)";
				TEST_HOST = "$(BUILT_PRODUCTS_DIR)/ROStorageBar.app/ROStorageBar";
			};
			name = Release;
		};
/* End XCBuildConfiguration section */

/* Begin XCConfigurationList section */
		CB0D1A901A812C3500FC80A8 /* Build configuration list for PBXProject "ROStorageBar" */ = {
			isa = XCConfigurationList;
			buildConfigurations = (
				CB0D1AB21A812C3500FC80A8 /* Debug */,
				CB0D1AB31A812C3500FC80A8 /* Release */,
			);
			defaultConfigurationIsVisible = 0;
			defaultConfigurationName = Release;
		};
		CB0D1AB41A812C3500FC80A8 /* Build configuration list for PBXNativeTarget "ROStorageBar" */ = {
			isa = XCConfigurationList;
			buildConfigurations = (
				CB0D1AB51A812C3500FC80A8 /* Debug */,
				CB0D1AB61A812C3500FC80A8 /* Release */,
			);
			defaultConfigurationIsVisible = 0;
			defaultConfigurationName = Release;
		};
		CB0D1AB71A812C3500FC80A8 /* Build configuration list for PBXNativeTarget "ROStorageBarTests" */ = {
			isa = XCConfigurationList;
			buildConfigurations = (
				CB0D1AB81A812C3500FC80A8 /* Debug */,
				CB0D1AB91A812C3500FC80A8 /* Release */,
			);
			defaultConfigurationIsVisible = 0;
			defaultConfigurationName = Release;
		};
/* End XCConfigurationList section */
	};
	rootObject = CB0D1A8D1A812C3500FC80A8 /* Project object */;
}
